{
  "name": "@exordium/scss-plugins",
  "version": "0.0.1",
  "lockfileVersion": 1,
  "requires": true,
  "dependencies": {
    "@swimlane/ngx-datatable": {
      "version": "17.0.0",
      "resolved": "https://registry.npmjs.org/@swimlane/ngx-datatable/-/ngx-datatable-17.0.0.tgz",
      "integrity": "sha512-6ydjOL3hIGIdDHgseCNalrFac3I3fFUwxbKjVw0dCL0ZrET4A3P+uIOg9vK4XKL/a19Eg8ivEJ7bBg0W/6dxQw=="
    },
    "animate.css": {
      "version": "4.1.0",
      "resolved": "https://registry.npmjs.org/animate.css/-/animate.css-4.1.0.tgz",
      "integrity": "sha512-0aVcfWDeU9ykV6vjn1P67ZSs01jxoUQZCGaYbkk0SIIelIG8kUdLrIkua1+VabHfTtsSivDRMMn0ILPvZum2gw=="
    }
  }
}
